
Microsoft Visual Studio Solution File, Format Version 12.00
# Visual Studio Version 16
VisualStudioVersion = 16.0.31205.134
MinimumVisualStudioVersion = 10.0.40219.1
Project("{FAE04EC0-301F-11D3-BF4B-00C04F79EFBC}") = "HilosPractica", "HilosPractica\HilosPractica.csproj", "{DA0E3865-C5DF-4179-87F6-CF47FF46BC53}"
EndProject
Global
	GlobalSection(SolutionConfigurationPlatforms) = preSolution
		Debug|Any CPU = Debug|Any CPU
		Release|Any CPU = Release|Any CPU
	EndGlobalSection
	GlobalSection(ProjectConfigurationPlatforms) = postSolution
		{DA0E3865-C5DF-4179-87F6-CF47FF46BC53}.Debug|Any CPU.ActiveCfg = Debug|Any CPU
		{DA0E3865-C5DF-4179-87F6-CF47FF46BC53}.Debug|Any CPU.Build.0 = Debug|Any CPU
		{DA0E3865-C5DF-4179-87F6-CF47FF46BC53}.Release|Any CPU.ActiveCfg = Release|Any CPU
		{DA0E3865-C5DF-4179-87F6-CF47FF46BC53}.Release|Any CPU.Build.0 = Release|Any CPU
	EndGlobalSection
	GlobalSection(SolutionProperties) = preSolution
		HideSolutionNode = FALSE
	EndGlobalSection
	GlobalSection(ExtensibilityGlobals) = postSolution
		SolutionGuid = {5B3B8B58-2A37-4B88-B7BA-47C00433D58A}
	EndGlobalSection
EndGlobal
